{
  "name": "src",
  "version": "1.0.0",
  "lockfileVersion": 2,
  "requires": true,
  "packages": {
    "": {
      "name": "src",
      "version": "1.0.0",
      "license": "ISC",
      "devDependencies": {
        "@deland-labs/ic-bin-tools": "^0.1.1",
        "typescript": "^4.7.2"
      }
    },
    "node_modules/@deland-labs/ic-bin-tools": {
      "version": "0.1.1",
      "resolved": "https://www.myget.org/F/ic-feed/npm/@deland-labs/ic-bin-tools/-/@deland-labs/ic-bin-tools-0.1.1.tgz",
      "integrity": "sha1-NAX8GDhVZFytGjwiMYgH7/dx/Ts=",
      "dev": true,
      "license": "MIT",
      "bin": {
        "ic-didc": "bins/ic-didc"
      }
    },
    "node_modules/typescript": {
      "version": "4.7.2",
      "resolved": "https://registry.npmjs.org/typescript/-/typescript-4.7.2.tgz",
      "integrity": "sha512-Mamb1iX2FDUpcTRzltPxgWMKy3fhg0TN378ylbktPGPK/99KbDtMQ4W1hwgsbPAsG3a0xKa1vmw4VKZQbkvz5A==",
      "dev": true,
      "bin": {
        "tsc": "bin/tsc",
        "tsserver": "bin/tsserver"
      },
      "engines": {
        "node": ">=4.2.0"
      }
    }
  },
  "dependencies": {
    "@deland-labs/ic-bin-tools": {
      "version": "0.1.1",
      "resolved": "https://www.myget.org/F/ic-feed/npm/@deland-labs/ic-bin-tools/-/@deland-labs/ic-bin-tools-0.1.1.tgz",
      "integrity": "sha1-NAX8GDhVZFytGjwiMYgH7/dx/Ts=",
      "dev": true
    },
    "typescript": {
      "version": "4.7.2",
      "resolved": "https://registry.npmjs.org/typescript/-/typescript-4.7.2.tgz",
      "integrity": "sha512-Mamb1iX2FDUpcTRzltPxgWMKy3fhg0TN378ylbktPGPK/99KbDtMQ4W1hwgsbPAsG3a0xKa1vmw4VKZQbkvz5A==",
      "dev": true
    }
  }
}
